<?xml version="1.0" encoding="utf-8"?>
<Project ToolsVersion="17.0" xmlns="http://schemas.microsoft.com/developer/msbuild/2003">
  <ItemGroup>
    <ClCompile Include="D:\Storage\Daniil\gorenie_version\gorenie_try1_10\sundials_build\POSIX_TIMER_TEST\ltest.c">
      <Filter>Source Files</Filter>
    </ClCompile>
  </ItemGroup>
  <ItemGroup>
    <CustomBuild Include="D:\Storage\Daniil\gorenie_version\gorenie_try1_10\sundials_build\POSIX_TIMER_TEST\CMakeLists.txt" />
  </ItemGroup>
  <ItemGroup>
    <Filter Include="Source Files">
      <UniqueIdentifier>{CB4053E0-26D8-3B35-8943-DB47DA3E9A6F}</UniqueIdentifier>
    </Filter>
  </ItemGroup>
</Project>
