<?xml version="1.0" encoding="utf-8"?>
<Project ToolsVersion="17.0" xmlns="http://schemas.microsoft.com/developer/msbuild/2003">
  <ItemGroup>
    <ClCompile Include="D:\Storage\Daniil\gorenie_version\gorenie_try1_10\sundials\sundials-6.5.1\examples\nvector\manyvector\test_nvector_manyvector.c">
      <Filter>Source Files</Filter>
    </ClCompile>
  </ItemGroup>
  <ItemGroup>
    <CustomBuild Include="D:\Storage\Daniil\gorenie_version\gorenie_try1_10\sundials\sundials-6.5.1\examples\nvector\manyvector\CMakeLists.txt" />
  </ItemGroup>
  <ItemGroup>
    <Object Include="D:\Storage\Daniil\gorenie_version\gorenie_try1_10\sundials_build\examples\nvector\test_nvector_obj.dir\$(Configuration)\test_nvector.obj">
      <Filter>Object Libraries</Filter>
    </Object>
  </ItemGroup>
  <ItemGroup>
    <Filter Include="Object Libraries">
      <UniqueIdentifier>{290F812A-7C9F-3217-AF31-CED1A57B8FAA}</UniqueIdentifier>
    </Filter>
    <Filter Include="Source Files">
      <UniqueIdentifier>{54811856-918C-360E-90C3-BD449C10E384}</UniqueIdentifier>
    </Filter>
  </ItemGroup>
</Project>
